
Microsoft Visual Studio Solution File, Format Version 12.00
# Visual Studio Version 16
VisualStudioVersion = 16.0.30907.101
MinimumVisualStudioVersion = 10.0.40219.1
Project("{9A19103F-16F7-4668-BE54-9A1E7A4F7556}") = "Ursa", "Ursa.csproj", "{46B7CE4B-5EAB-42AF-A562-F90E7793FF71}"
EndProject
Project("{2150E333-8FDC-42A3-9474-1A3956D46DE8}") = "Ursa_VSProject", "Ursa_VSProject", "{57F3C060-F13E-4A06-9F1E-9D5D6CC1C4C3}"
EndProject
Global
	GlobalSection(SolutionConfigurationPlatforms) = preSolution
		Debug|Any CPU = Debug|Any CPU
		Release|Any CPU = Release|Any CPU
	EndGlobalSection
	GlobalSection(ProjectConfigurationPlatforms) = postSolution
		{46B7CE4B-5EAB-42AF-A562-F90E7793FF71}.Debug|Any CPU.ActiveCfg = Debug|Any CPU
		{46B7CE4B-5EAB-42AF-A562-F90E7793FF71}.Debug|Any CPU.Build.0 = Debug|Any CPU
		{46B7CE4B-5EAB-42AF-A562-F90E7793FF71}.Release|Any CPU.ActiveCfg = Release|Any CPU
		{46B7CE4B-5EAB-42AF-A562-F90E7793FF71}.Release|Any CPU.Build.0 = Release|Any CPU
	EndGlobalSection
	GlobalSection(SolutionProperties) = preSolution
		HideSolutionNode = FALSE
	EndGlobalSection
	GlobalSection(NestedProjects) = preSolution
		{46B7CE4B-5EAB-42AF-A562-F90E7793FF71} = {57F3C060-F13E-4A06-9F1E-9D5D6CC1C4C3}
	EndGlobalSection
	GlobalSection(ExtensibilityGlobals) = postSolution
		SolutionGuid = {FDE6F09C-F7A0-4B7C-9067-0AD70FC697B5}
	EndGlobalSection
EndGlobal
